github.com/nicolas-rohricht/dog v0.0.0-20240116212450-b49364c811c4 h1:mSlWPM6wlWVvquP6xVHZ399nuE6jyuw6FJsfoB5xVMs=
github.com/nicolas-rohricht/dog v0.0.0-20240116212450-b49364c811c4/go.mod h1:fRXJf+l3DxyfcKH5YgfeBvSjTPPF617XerrJ2ON3u+8=
github.com/nicolas-rohricht/puppy v0.0.0-20240116212800-596de0b4d7f6 h1:Eh/BQLa0LbmPMAv/PnxK9p6e9K/6au60Bh3uNIJUZno=
github.com/nicolas-rohricht/puppy v0.0.0-20240116212800-596de0b4d7f6/go.mod h1:CX3bBOnBGl2Te/pOoCEwp4WwS/0upYKEfPUV3mmzSs0=
github.com/nicolas-rohricht/puppy v1.1.0 h1:MDDqTffLPFjwB4WVbwsYjmXpqrETZnX27JnY5qNQSYM=
github.com/nicolas-rohricht/puppy v1.1.0/go.mod h1:CX3bBOnBGl2Te/pOoCEwp4WwS/0upYKEfPUV3mmzSs0=
github.com/nicolas-rohricht/puppy v1.3.0 h1:CBHyxnEI+ttT+bCSED9UmdGbVuXuXW48GaSBbNvzVFQ=
github.com/nicolas-rohricht/puppy v1.3.0/go.mod h1:CX3bBOnBGl2Te/pOoCEwp4WwS/0upYKEfPUV3mmzSs0=
