github.com/nicolas-rohricht/dog v0.0.0-20240116212450-b49364c811c4 h1:mSlWPM6wlWVvquP6xVHZ399nuE6jyuw6FJsfoB5xVMs=
github.com/nicolas-rohricht/dog v0.0.0-20240116212450-b49364c811c4/go.mod h1:fRXJf+l3DxyfcKH5YgfeBvSjTPPF617XerrJ2ON3u+8=
github.com/nicolas-rohricht/puppy v0.0.0-20240116204446-1c9234dc70fd h1:BedT9zKPh/FJk5qbq2CfuO+L/kAFVKRR/wXLbEmpgAc=
github.com/nicolas-rohricht/puppy v0.0.0-20240116204446-1c9234dc70fd/go.mod h1:QcCV3anLg2DfYgtM4aVJdkntXLn/X9DMTxjrxlcTi70=
github.com/nicolas-rohricht/puppy v0.0.0-20240116212800-596de0b4d7f6 h1:Eh/BQLa0LbmPMAv/PnxK9p6e9K/6au60Bh3uNIJUZno=
github.com/nicolas-rohricht/puppy v0.0.0-20240116212800-596de0b4d7f6/go.mod h1:CX3bBOnBGl2Te/pOoCEwp4WwS/0upYKEfPUV3mmzSs0=
